
Microsoft Visual Studio Solution File, Format Version 12.00
# Visual Studio Version 16
VisualStudioVersion = 16.0.30104.148
MinimumVisualStudioVersion = 10.0.40219.1
Project("{9A19103F-16F7-4668-BE54-9A1E7A4F7556}") = "Examine.Config", "Examine.Config\Examine.Config.csproj", "{6718D9F9-B2D1-44B0-BF0D-2CDBF1964F36}"
EndProject
Global
	GlobalSection(SolutionConfigurationPlatforms) = preSolution
		Debug|Any CPU = Debug|Any CPU
		Release|Any CPU = Release|Any CPU
	EndGlobalSection
	GlobalSection(ProjectConfigurationPlatforms) = postSolution
		{6718D9F9-B2D1-44B0-BF0D-2CDBF1964F36}.Debug|Any CPU.ActiveCfg = Debug|Any CPU
		{6718D9F9-B2D1-44B0-BF0D-2CDBF1964F36}.Debug|Any CPU.Build.0 = Debug|Any CPU
		{6718D9F9-B2D1-44B0-BF0D-2CDBF1964F36}.Release|Any CPU.ActiveCfg = Release|Any CPU
		{6718D9F9-B2D1-44B0-BF0D-2CDBF1964F36}.Release|Any CPU.Build.0 = Release|Any CPU
	EndGlobalSection
	GlobalSection(SolutionProperties) = preSolution
		HideSolutionNode = FALSE
	EndGlobalSection
	GlobalSection(ExtensibilityGlobals) = postSolution
		SolutionGuid = {C6AE29DD-4C0B-4F62-98C3-A3EA1435CC85}
	EndGlobalSection
EndGlobal
